
Microsoft Visual Studio Solution File, Format Version 12.00
# Visual Studio Version 16
VisualStudioVersion = 16.0.30711.63
MinimumVisualStudioVersion = 10.0.40219.1
Project("{2150E333-8FDC-42A3-9474-1A3956D46DE8}") = "Source", "Source", "{D6F80641-4A88-4AF9-B443-4D1915037CD4}"
EndProject
Project("{9A19103F-16F7-4668-BE54-9A1E7A4F7556}") = "MovieApp.Api", "Source\MovieApp.Api\MovieApp.Api.csproj", "{BD726528-AEB8-44C7-870D-1A69CBE40A57}"
EndProject
Project("{9A19103F-16F7-4668-BE54-9A1E7A4F7556}") = "MovieApp.Application", "Source\MovieApp.Application\MovieApp.Application.csproj", "{2550AE60-2E38-4539-9648-D54E16346D81}"
EndProject
Project("{9A19103F-16F7-4668-BE54-9A1E7A4F7556}") = "MovieApp.Core", "Source\MovieApp.Core\MovieApp.Core.csproj", "{B29DF6CE-E574-44E3-B57C-86FE6E8CC4F4}"
EndProject
Project("{9A19103F-16F7-4668-BE54-9A1E7A4F7556}") = "MovieApp.Data", "Source\MovieApp.Data\MovieApp.Data.csproj", "{5451C455-B548-41BF-AC18-6B6F9501A3BA}"
EndProject
Global
	GlobalSection(SolutionConfigurationPlatforms) = preSolution
		Debug|Any CPU = Debug|Any CPU
		Release|Any CPU = Release|Any CPU
	EndGlobalSection
	GlobalSection(ProjectConfigurationPlatforms) = postSolution
		{BD726528-AEB8-44C7-870D-1A69CBE40A57}.Debug|Any CPU.ActiveCfg = Debug|Any CPU
		{BD726528-AEB8-44C7-870D-1A69CBE40A57}.Debug|Any CPU.Build.0 = Debug|Any CPU
		{BD726528-AEB8-44C7-870D-1A69CBE40A57}.Release|Any CPU.ActiveCfg = Release|Any CPU
		{BD726528-AEB8-44C7-870D-1A69CBE40A57}.Release|Any CPU.Build.0 = Release|Any CPU
		{2550AE60-2E38-4539-9648-D54E16346D81}.Debug|Any CPU.ActiveCfg = Debug|Any CPU
		{2550AE60-2E38-4539-9648-D54E16346D81}.Debug|Any CPU.Build.0 = Debug|Any CPU
		{2550AE60-2E38-4539-9648-D54E16346D81}.Release|Any CPU.ActiveCfg = Release|Any CPU
		{2550AE60-2E38-4539-9648-D54E16346D81}.Release|Any CPU.Build.0 = Release|Any CPU
		{B29DF6CE-E574-44E3-B57C-86FE6E8CC4F4}.Debug|Any CPU.ActiveCfg = Debug|Any CPU
		{B29DF6CE-E574-44E3-B57C-86FE6E8CC4F4}.Debug|Any CPU.Build.0 = Debug|Any CPU
		{B29DF6CE-E574-44E3-B57C-86FE6E8CC4F4}.Release|Any CPU.ActiveCfg = Release|Any CPU
		{B29DF6CE-E574-44E3-B57C-86FE6E8CC4F4}.Release|Any CPU.Build.0 = Release|Any CPU
		{5451C455-B548-41BF-AC18-6B6F9501A3BA}.Debug|Any CPU.ActiveCfg = Debug|Any CPU
		{5451C455-B548-41BF-AC18-6B6F9501A3BA}.Debug|Any CPU.Build.0 = Debug|Any CPU
		{5451C455-B548-41BF-AC18-6B6F9501A3BA}.Release|Any CPU.ActiveCfg = Release|Any CPU
		{5451C455-B548-41BF-AC18-6B6F9501A3BA}.Release|Any CPU.Build.0 = Release|Any CPU
	EndGlobalSection
	GlobalSection(SolutionProperties) = preSolution
		HideSolutionNode = FALSE
	EndGlobalSection
	GlobalSection(NestedProjects) = preSolution
		{BD726528-AEB8-44C7-870D-1A69CBE40A57} = {D6F80641-4A88-4AF9-B443-4D1915037CD4}
		{2550AE60-2E38-4539-9648-D54E16346D81} = {D6F80641-4A88-4AF9-B443-4D1915037CD4}
		{B29DF6CE-E574-44E3-B57C-86FE6E8CC4F4} = {D6F80641-4A88-4AF9-B443-4D1915037CD4}
		{5451C455-B548-41BF-AC18-6B6F9501A3BA} = {D6F80641-4A88-4AF9-B443-4D1915037CD4}
	EndGlobalSection
	GlobalSection(ExtensibilityGlobals) = postSolution
		SolutionGuid = {7D0F996A-3B98-49F1-9F7E-5ADE2A6B1CC8}
	EndGlobalSection
EndGlobal
